
Microsoft Visual Studio Solution File, Format Version 12.00
Project("{FAE04EC0-301F-11D3-BF4B-00C04F79EFBC}") = "Muziker", "Muziker\Muziker.csproj", "{522E6F6E-2714-4048-9B56-C84CB9AE965B}"
EndProject
Global
	GlobalSection(SolutionConfigurationPlatforms) = preSolution
		Debug|Any CPU = Debug|Any CPU
		Release|Any CPU = Release|Any CPU
	EndGlobalSection
	GlobalSection(ProjectConfigurationPlatforms) = postSolution
		{522E6F6E-2714-4048-9B56-C84CB9AE965B}.Debug|Any CPU.ActiveCfg = Debug|Any CPU
		{522E6F6E-2714-4048-9B56-C84CB9AE965B}.Debug|Any CPU.Build.0 = Debug|Any CPU
		{522E6F6E-2714-4048-9B56-C84CB9AE965B}.Release|Any CPU.ActiveCfg = Release|Any CPU
		{522E6F6E-2714-4048-9B56-C84CB9AE965B}.Release|Any CPU.Build.0 = Release|Any CPU
	EndGlobalSection
EndGlobal
